
Microsoft Visual Studio Solution File, Format Version 12.00
# Visual Studio Version 16
VisualStudioVersion = 16.0.30114.105
MinimumVisualStudioVersion = 10.0.40219.1
Project("{FAE04EC0-301F-11D3-BF4B-00C04F79EFBC}") = "InferNull", "InferNull\InferNull.csproj", "{60A5F778-F837-493E-A549-CC85BEA75A50}"
EndProject
Project("{9A19103F-16F7-4668-BE54-9A1E7A4F7556}") = "NullabilityInference", "NullabilityInference\NullabilityInference.csproj", "{61EBF036-9D1F-451A-8A02-5B301125DF34}"
EndProject
Project("{2150E333-8FDC-42A3-9474-1A3956D46DE8}") = "Solution Items", "Solution Items", "{BC69B7DB-0F9E-4605-87E8-AF373FA5318D}"
	ProjectSection(SolutionItems) = preProject
		.editorconfig = .editorconfig
	EndProjectSection
EndProject
Project("{9A19103F-16F7-4668-BE54-9A1E7A4F7556}") = "Tests", "NullabilityInference.Tests\Tests.csproj", "{9EF15FAD-17F1-4D16-B5D0-86653A3567FF}"
EndProject
Global
	GlobalSection(SolutionConfigurationPlatforms) = preSolution
		Debug|Any CPU = Debug|Any CPU
		Release|Any CPU = Release|Any CPU
	EndGlobalSection
	GlobalSection(ProjectConfigurationPlatforms) = postSolution
		{60A5F778-F837-493E-A549-CC85BEA75A50}.Debug|Any CPU.ActiveCfg = Debug|Any CPU
		{60A5F778-F837-493E-A549-CC85BEA75A50}.Debug|Any CPU.Build.0 = Debug|Any CPU
		{60A5F778-F837-493E-A549-CC85BEA75A50}.Release|Any CPU.ActiveCfg = Release|Any CPU
		{60A5F778-F837-493E-A549-CC85BEA75A50}.Release|Any CPU.Build.0 = Release|Any CPU
		{61EBF036-9D1F-451A-8A02-5B301125DF34}.Debug|Any CPU.ActiveCfg = Debug|Any CPU
		{61EBF036-9D1F-451A-8A02-5B301125DF34}.Debug|Any CPU.Build.0 = Debug|Any CPU
		{61EBF036-9D1F-451A-8A02-5B301125DF34}.Release|Any CPU.ActiveCfg = Release|Any CPU
		{61EBF036-9D1F-451A-8A02-5B301125DF34}.Release|Any CPU.Build.0 = Release|Any CPU
		{9EF15FAD-17F1-4D16-B5D0-86653A3567FF}.Debug|Any CPU.ActiveCfg = Debug|Any CPU
		{9EF15FAD-17F1-4D16-B5D0-86653A3567FF}.Debug|Any CPU.Build.0 = Debug|Any CPU
		{9EF15FAD-17F1-4D16-B5D0-86653A3567FF}.Release|Any CPU.ActiveCfg = Release|Any CPU
		{9EF15FAD-17F1-4D16-B5D0-86653A3567FF}.Release|Any CPU.Build.0 = Release|Any CPU
	EndGlobalSection
	GlobalSection(SolutionProperties) = preSolution
		HideSolutionNode = FALSE
	EndGlobalSection
	GlobalSection(ExtensibilityGlobals) = postSolution
		SolutionGuid = {4D725FEF-3650-48ED-AF74-42775ACF8934}
	EndGlobalSection
EndGlobal
